
Microsoft Visual Studio Solution File, Format Version 12.00
# Visual Studio Version 17
VisualStudioVersion = 17.3.32621.448
MinimumVisualStudioVersion = 10.0.40219.1
Project("{FAE04EC0-301F-11D3-BF4B-00C04F79EFBC}") = "ClassLibrary2", "ClassLibrary2\ClassLibrary2.csproj", "{8CA4384D-4F3C-4E37-86CD-2E647A322C60}"
EndProject
Project("{FAE04EC0-301F-11D3-BF4B-00C04F79EFBC}") = "TestProject1", "TestProject1\TestProject1.csproj", "{5EAB42AB-39D0-4718-8CF5-CAAC3A28ABEF}"
EndProject
Project("{2150E333-8FDC-42A3-9474-1A3956D46DE8}") = "Solution Items", "Solution Items", "{992AF200-2B6A-4DAF-B1BE-97D820F2CAED}"
	ProjectSection(SolutionItems) = preProject
		.github\workflows\build-13412.yaml = .github\workflows\build-13412.yaml
	EndProjectSection
EndProject
Global
	GlobalSection(SolutionConfigurationPlatforms) = preSolution
		Debug|Any CPU = Debug|Any CPU
		Release|Any CPU = Release|Any CPU
	EndGlobalSection
	GlobalSection(ProjectConfigurationPlatforms) = postSolution
		{8CA4384D-4F3C-4E37-86CD-2E647A322C60}.Debug|Any CPU.ActiveCfg = Debug|Any CPU
		{8CA4384D-4F3C-4E37-86CD-2E647A322C60}.Debug|Any CPU.Build.0 = Debug|Any CPU
		{8CA4384D-4F3C-4E37-86CD-2E647A322C60}.Release|Any CPU.ActiveCfg = Release|Any CPU
		{8CA4384D-4F3C-4E37-86CD-2E647A322C60}.Release|Any CPU.Build.0 = Release|Any CPU
		{5EAB42AB-39D0-4718-8CF5-CAAC3A28ABEF}.Debug|Any CPU.ActiveCfg = Debug|Any CPU
		{5EAB42AB-39D0-4718-8CF5-CAAC3A28ABEF}.Debug|Any CPU.Build.0 = Debug|Any CPU
		{5EAB42AB-39D0-4718-8CF5-CAAC3A28ABEF}.Release|Any CPU.ActiveCfg = Release|Any CPU
		{5EAB42AB-39D0-4718-8CF5-CAAC3A28ABEF}.Release|Any CPU.Build.0 = Release|Any CPU
	EndGlobalSection
	GlobalSection(SolutionProperties) = preSolution
		HideSolutionNode = FALSE
	EndGlobalSection
	GlobalSection(ExtensibilityGlobals) = postSolution
		SolutionGuid = {A1950027-1834-45FF-94D4-671A6D20376D}
	EndGlobalSection
EndGlobal
